
Microsoft Visual Studio Solution File, Format Version 12.00
# Visual Studio 2013
VisualStudioVersion = 12.0.31101.0
MinimumVisualStudioVersion = 10.0.40219.1
Project("{FAE04EC0-301F-11D3-BF4B-00C04F79EFBC}") = "DinerMax3000Console", "DinerMax3000Console\DinerMax3000Console.csproj", "{0056DAF6-6830-4ACA-B6F6-E28346FACEEB}"
EndProject
Project("{FAE04EC0-301F-11D3-BF4B-00C04F79EFBC}") = "DinerMax3000BusinessLayer", "DinerMax3000BusinessLayer\DinerMax3000BusinessLayer.csproj", "{5F5C5144-5B90-4720-9708-1A8E1378E593}"
EndProject
Project("{FAE04EC0-301F-11D3-BF4B-00C04F79EFBC}") = "DinerMaxWPFClient", "DinerMaxWPFClient\DinerMaxWPFClient.csproj", "{7481B435-8F43-4C21-8CB2-6F52BEECB460}"
EndProject
Global
	GlobalSection(SolutionConfigurationPlatforms) = preSolution
		Debug|Any CPU = Debug|Any CPU
		Release|Any CPU = Release|Any CPU
	EndGlobalSection
	GlobalSection(ProjectConfigurationPlatforms) = postSolution
		{0056DAF6-6830-4ACA-B6F6-E28346FACEEB}.Debug|Any CPU.ActiveCfg = Debug|Any CPU
		{0056DAF6-6830-4ACA-B6F6-E28346FACEEB}.Debug|Any CPU.Build.0 = Debug|Any CPU
		{0056DAF6-6830-4ACA-B6F6-E28346FACEEB}.Release|Any CPU.ActiveCfg = Release|Any CPU
		{0056DAF6-6830-4ACA-B6F6-E28346FACEEB}.Release|Any CPU.Build.0 = Release|Any CPU
		{5F5C5144-5B90-4720-9708-1A8E1378E593}.Debug|Any CPU.ActiveCfg = Debug|Any CPU
		{5F5C5144-5B90-4720-9708-1A8E1378E593}.Debug|Any CPU.Build.0 = Debug|Any CPU
		{5F5C5144-5B90-4720-9708-1A8E1378E593}.Release|Any CPU.ActiveCfg = Release|Any CPU
		{5F5C5144-5B90-4720-9708-1A8E1378E593}.Release|Any CPU.Build.0 = Release|Any CPU
		{7481B435-8F43-4C21-8CB2-6F52BEECB460}.Debug|Any CPU.ActiveCfg = Debug|Any CPU
		{7481B435-8F43-4C21-8CB2-6F52BEECB460}.Debug|Any CPU.Build.0 = Debug|Any CPU
		{7481B435-8F43-4C21-8CB2-6F52BEECB460}.Release|Any CPU.ActiveCfg = Release|Any CPU
		{7481B435-8F43-4C21-8CB2-6F52BEECB460}.Release|Any CPU.Build.0 = Release|Any CPU
	EndGlobalSection
	GlobalSection(SolutionProperties) = preSolution
		HideSolutionNode = FALSE
	EndGlobalSection
EndGlobal
